
Microsoft Visual Studio Solution File, Format Version 12.00
# Visual Studio Version 16
VisualStudioVersion = 16.0.30717.126
MinimumVisualStudioVersion = 10.0.40219.1
Project("{FAE04EC0-301F-11D3-BF4B-00C04F79EFBC}") = "Console-App-Students", "Console-App-Students.csproj", "{99669678-A755-4EDA-98B1-A21BDE916802}"
EndProject
Global
	GlobalSection(SolutionConfigurationPlatforms) = preSolution
		Debug|Any CPU = Debug|Any CPU
		Release|Any CPU = Release|Any CPU
	EndGlobalSection
	GlobalSection(ProjectConfigurationPlatforms) = postSolution
		{99669678-A755-4EDA-98B1-A21BDE916802}.Debug|Any CPU.ActiveCfg = Debug|Any CPU
		{99669678-A755-4EDA-98B1-A21BDE916802}.Debug|Any CPU.Build.0 = Debug|Any CPU
		{99669678-A755-4EDA-98B1-A21BDE916802}.Release|Any CPU.ActiveCfg = Release|Any CPU
		{99669678-A755-4EDA-98B1-A21BDE916802}.Release|Any CPU.Build.0 = Release|Any CPU
	EndGlobalSection
	GlobalSection(SolutionProperties) = preSolution
		HideSolutionNode = FALSE
	EndGlobalSection
	GlobalSection(ExtensibilityGlobals) = postSolution
		SolutionGuid = {CF4314E6-F1CB-4447-8869-82D4951B7347}
	EndGlobalSection
EndGlobal
