
Microsoft Visual Studio Solution File, Format Version 12.00
# Visual Studio Version 16
VisualStudioVersion = 16.0.30717.126
MinimumVisualStudioVersion = 10.0.40219.1
Project("{FAE04EC0-301F-11D3-BF4B-00C04F79EFBC}") = "hello-world", "hello-world.csproj", "{CF947F19-9978-4107-8F44-D6968F572B4C}"
EndProject
Global
	GlobalSection(SolutionConfigurationPlatforms) = preSolution
		Debug|Any CPU = Debug|Any CPU
		Release|Any CPU = Release|Any CPU
	EndGlobalSection
	GlobalSection(ProjectConfigurationPlatforms) = postSolution
		{CF947F19-9978-4107-8F44-D6968F572B4C}.Debug|Any CPU.ActiveCfg = Debug|Any CPU
		{CF947F19-9978-4107-8F44-D6968F572B4C}.Debug|Any CPU.Build.0 = Debug|Any CPU
		{CF947F19-9978-4107-8F44-D6968F572B4C}.Release|Any CPU.ActiveCfg = Release|Any CPU
		{CF947F19-9978-4107-8F44-D6968F572B4C}.Release|Any CPU.Build.0 = Release|Any CPU
	EndGlobalSection
	GlobalSection(SolutionProperties) = preSolution
		HideSolutionNode = FALSE
	EndGlobalSection
	GlobalSection(ExtensibilityGlobals) = postSolution
		SolutionGuid = {43D1519D-FE6B-481A-8047-ECF6175A850E}
	EndGlobalSection
EndGlobal
